
Microsoft Visual Studio Solution File, Format Version 12.00
# Visual Studio Version 17
VisualStudioVersion = 17.10.35122.118
MinimumVisualStudioVersion = 10.0.40219.1
Project("{FAE04EC0-301F-11D3-BF4B-00C04F79EFBC}") = "TestAPI", "TestAPI\TestAPI.csproj", "{ABD20243-621A-4167-8919-775B9863EFE4}"
EndProject
Global
	GlobalSection(SolutionConfigurationPlatforms) = preSolution
		Debug|Any CPU = Debug|Any CPU
		Release|Any CPU = Release|Any CPU
	EndGlobalSection
	GlobalSection(ProjectConfigurationPlatforms) = postSolution
		{ABD20243-621A-4167-8919-775B9863EFE4}.Debug|Any CPU.ActiveCfg = Debug|Any CPU
		{ABD20243-621A-4167-8919-775B9863EFE4}.Debug|Any CPU.Build.0 = Debug|Any CPU
		{ABD20243-621A-4167-8919-775B9863EFE4}.Release|Any CPU.ActiveCfg = Release|Any CPU
		{ABD20243-621A-4167-8919-775B9863EFE4}.Release|Any CPU.Build.0 = Release|Any CPU
	EndGlobalSection
	GlobalSection(SolutionProperties) = preSolution
		HideSolutionNode = FALSE
	EndGlobalSection
	GlobalSection(ExtensibilityGlobals) = postSolution
		SolutionGuid = {41CC874F-2B99-41D8-916A-43AFB2BDD125}
	EndGlobalSection
EndGlobal
